
Microsoft Visual Studio Solution File, Format Version 12.00
# Visual Studio Version 16
VisualStudioVersion = 16.0.30330.147
MinimumVisualStudioVersion = 10.0.40219.1
Project("{FAE04EC0-301F-11D3-BF4B-00C04F79EFBC}") = "GamerTool", "GamerTool.csproj", "{705D4CD2-3AF1-453A-AB75-F2D9CE28199F}"
EndProject
Global
	GlobalSection(SolutionConfigurationPlatforms) = preSolution
		Debug|Any CPU = Debug|Any CPU
		Release|Any CPU = Release|Any CPU
	EndGlobalSection
	GlobalSection(ProjectConfigurationPlatforms) = postSolution
		{705D4CD2-3AF1-453A-AB75-F2D9CE28199F}.Debug|Any CPU.ActiveCfg = Debug|Any CPU
		{705D4CD2-3AF1-453A-AB75-F2D9CE28199F}.Debug|Any CPU.Build.0 = Debug|Any CPU
		{705D4CD2-3AF1-453A-AB75-F2D9CE28199F}.Release|Any CPU.ActiveCfg = Release|Any CPU
		{705D4CD2-3AF1-453A-AB75-F2D9CE28199F}.Release|Any CPU.Build.0 = Release|Any CPU
	EndGlobalSection
	GlobalSection(SolutionProperties) = preSolution
		HideSolutionNode = FALSE
	EndGlobalSection
	GlobalSection(ExtensibilityGlobals) = postSolution
		SolutionGuid = {691A7D21-95D7-4115-A104-F5CFCECC7A92}
	EndGlobalSection
EndGlobal
